
Microsoft Visual Studio Solution File, Format Version 12.00
# Visual Studio 15
VisualStudioVersion = 15.0.27130.2027
MinimumVisualStudioVersion = 10.0.40219.1
Project("{FAE04EC0-301F-11D3-BF4B-00C04F79EFBC}") = "NetAssemblyDetect", "NetAssemblyDetect.csproj", "{AFEFF505-14C1-4ECF-B714-ABAC4FBD48E7}"
EndProject
Project("{FAE04EC0-301F-11D3-BF4B-00C04F79EFBC}") = "exe2bytes", "..\exe2bytes\exe2bytes\exe2bytes.csproj", "{E40EDDDD-16AE-495A-AE6F-27377B5E4C7E}"
EndProject
Project("{FAE04EC0-301F-11D3-BF4B-00C04F79EFBC}") = "Exe2Base64", "..\Exe2Base64\Exe2Base64\Exe2Base64.csproj", "{74EFE601-9A93-46C3-932E-B80AB6570E42}"
EndProject
Global
	GlobalSection(SolutionConfigurationPlatforms) = preSolution
		Debug|Any CPU = Debug|Any CPU
		Debug|x86 = Debug|x86
		Release|Any CPU = Release|Any CPU
		Release|x86 = Release|x86
	EndGlobalSection
	GlobalSection(ProjectConfigurationPlatforms) = postSolution
		{AFEFF505-14C1-4ECF-B714-ABAC4FBD48E7}.Debug|Any CPU.ActiveCfg = Debug|Any CPU
		{AFEFF505-14C1-4ECF-B714-ABAC4FBD48E7}.Debug|Any CPU.Build.0 = Debug|Any CPU
		{AFEFF505-14C1-4ECF-B714-ABAC4FBD48E7}.Debug|x86.ActiveCfg = Debug|Any CPU
		{AFEFF505-14C1-4ECF-B714-ABAC4FBD48E7}.Debug|x86.Build.0 = Debug|Any CPU
		{AFEFF505-14C1-4ECF-B714-ABAC4FBD48E7}.Release|Any CPU.ActiveCfg = Release|Any CPU
		{AFEFF505-14C1-4ECF-B714-ABAC4FBD48E7}.Release|Any CPU.Build.0 = Release|Any CPU
		{AFEFF505-14C1-4ECF-B714-ABAC4FBD48E7}.Release|x86.ActiveCfg = Release|Any CPU
		{AFEFF505-14C1-4ECF-B714-ABAC4FBD48E7}.Release|x86.Build.0 = Release|Any CPU
		{E40EDDDD-16AE-495A-AE6F-27377B5E4C7E}.Debug|Any CPU.ActiveCfg = Debug|Any CPU
		{E40EDDDD-16AE-495A-AE6F-27377B5E4C7E}.Debug|Any CPU.Build.0 = Debug|Any CPU
		{E40EDDDD-16AE-495A-AE6F-27377B5E4C7E}.Debug|x86.ActiveCfg = Debug|x86
		{E40EDDDD-16AE-495A-AE6F-27377B5E4C7E}.Debug|x86.Build.0 = Debug|x86
		{E40EDDDD-16AE-495A-AE6F-27377B5E4C7E}.Release|Any CPU.ActiveCfg = Release|Any CPU
		{E40EDDDD-16AE-495A-AE6F-27377B5E4C7E}.Release|Any CPU.Build.0 = Release|Any CPU
		{E40EDDDD-16AE-495A-AE6F-27377B5E4C7E}.Release|x86.ActiveCfg = Release|x86
		{E40EDDDD-16AE-495A-AE6F-27377B5E4C7E}.Release|x86.Build.0 = Release|x86
		{74EFE601-9A93-46C3-932E-B80AB6570E42}.Debug|Any CPU.ActiveCfg = Debug|Any CPU
		{74EFE601-9A93-46C3-932E-B80AB6570E42}.Debug|Any CPU.Build.0 = Debug|Any CPU
		{74EFE601-9A93-46C3-932E-B80AB6570E42}.Debug|x86.ActiveCfg = Debug|Any CPU
		{74EFE601-9A93-46C3-932E-B80AB6570E42}.Debug|x86.Build.0 = Debug|Any CPU
		{74EFE601-9A93-46C3-932E-B80AB6570E42}.Release|Any CPU.ActiveCfg = Release|Any CPU
		{74EFE601-9A93-46C3-932E-B80AB6570E42}.Release|Any CPU.Build.0 = Release|Any CPU
		{74EFE601-9A93-46C3-932E-B80AB6570E42}.Release|x86.ActiveCfg = Release|Any CPU
		{74EFE601-9A93-46C3-932E-B80AB6570E42}.Release|x86.Build.0 = Release|Any CPU
	EndGlobalSection
	GlobalSection(SolutionProperties) = preSolution
		HideSolutionNode = FALSE
	EndGlobalSection
	GlobalSection(ExtensibilityGlobals) = postSolution
		SolutionGuid = {B69EEF6F-3420-4D1F-A4E8-70EDB3DD9F0E}
	EndGlobalSection
EndGlobal
